
Microsoft Visual Studio Solution File, Format Version 12.00
# Visual Studio Version 16
VisualStudioVersion = 16.0.31321.278
MinimumVisualStudioVersion = 10.0.40219.1
Project("{FAE04EC0-301F-11D3-BF4B-00C04F79EFBC}") = "HabitTracker.Android", "HabitTracker.Android\HabitTracker.Android.csproj", "{6522BC80-F094-4288-B459-258C2C1768DF}"
EndProject
Project("{FAE04EC0-301F-11D3-BF4B-00C04F79EFBC}") = "HabitTracker.iOS", "HabitTracker.iOS\HabitTracker.iOS.csproj", "{BD6BB5D6-3EBD-4167-9BD0-B737BBA51008}"
EndProject
Project("{FAE04EC0-301F-11D3-BF4B-00C04F79EFBC}") = "HabitTracker", "HabitTracker\HabitTracker.csproj", "{4CF94D0F-A2B7-4978-8604-64846257CF3B}"
EndProject
Global
	GlobalSection(SolutionConfigurationPlatforms) = preSolution
		Debug|Any CPU = Debug|Any CPU
		Debug|iPhone = Debug|iPhone
		Debug|iPhoneSimulator = Debug|iPhoneSimulator
		Release|Any CPU = Release|Any CPU
		Release|iPhone = Release|iPhone
		Release|iPhoneSimulator = Release|iPhoneSimulator
	EndGlobalSection
	GlobalSection(ProjectConfigurationPlatforms) = postSolution
		{6522BC80-F094-4288-B459-258C2C1768DF}.Debug|Any CPU.ActiveCfg = Debug|Any CPU
		{6522BC80-F094-4288-B459-258C2C1768DF}.Debug|Any CPU.Build.0 = Debug|Any CPU
		{6522BC80-F094-4288-B459-258C2C1768DF}.Debug|Any CPU.Deploy.0 = Debug|Any CPU
		{6522BC80-F094-4288-B459-258C2C1768DF}.Debug|iPhone.ActiveCfg = Debug|Any CPU
		{6522BC80-F094-4288-B459-258C2C1768DF}.Debug|iPhone.Build.0 = Debug|Any CPU
		{6522BC80-F094-4288-B459-258C2C1768DF}.Debug|iPhone.Deploy.0 = Debug|Any CPU
		{6522BC80-F094-4288-B459-258C2C1768DF}.Debug|iPhoneSimulator.ActiveCfg = Debug|Any CPU
		{6522BC80-F094-4288-B459-258C2C1768DF}.Debug|iPhoneSimulator.Build.0 = Debug|Any CPU
		{6522BC80-F094-4288-B459-258C2C1768DF}.Debug|iPhoneSimulator.Deploy.0 = Debug|Any CPU
		{6522BC80-F094-4288-B459-258C2C1768DF}.Release|Any CPU.ActiveCfg = Release|Any CPU
		{6522BC80-F094-4288-B459-258C2C1768DF}.Release|Any CPU.Build.0 = Release|Any CPU
		{6522BC80-F094-4288-B459-258C2C1768DF}.Release|Any CPU.Deploy.0 = Release|Any CPU
		{6522BC80-F094-4288-B459-258C2C1768DF}.Release|iPhone.ActiveCfg = Release|Any CPU
		{6522BC80-F094-4288-B459-258C2C1768DF}.Release|iPhone.Build.0 = Release|Any CPU
		{6522BC80-F094-4288-B459-258C2C1768DF}.Release|iPhone.Deploy.0 = Release|Any CPU
		{6522BC80-F094-4288-B459-258C2C1768DF}.Release|iPhoneSimulator.ActiveCfg = Release|Any CPU
		{6522BC80-F094-4288-B459-258C2C1768DF}.Release|iPhoneSimulator.Build.0 = Release|Any CPU
		{6522BC80-F094-4288-B459-258C2C1768DF}.Release|iPhoneSimulator.Deploy.0 = Release|Any CPU
		{BD6BB5D6-3EBD-4167-9BD0-B737BBA51008}.Debug|Any CPU.ActiveCfg = Debug|iPhone
		{BD6BB5D6-3EBD-4167-9BD0-B737BBA51008}.Debug|Any CPU.Build.0 = Debug|iPhone
		{BD6BB5D6-3EBD-4167-9BD0-B737BBA51008}.Debug|Any CPU.Deploy.0 = Debug|iPhone
		{BD6BB5D6-3EBD-4167-9BD0-B737BBA51008}.Debug|iPhone.ActiveCfg = Debug|iPhone
		{BD6BB5D6-3EBD-4167-9BD0-B737BBA51008}.Debug|iPhone.Build.0 = Debug|iPhone
		{BD6BB5D6-3EBD-4167-9BD0-B737BBA51008}.Debug|iPhone.Deploy.0 = Debug|iPhone
		{BD6BB5D6-3EBD-4167-9BD0-B737BBA51008}.Debug|iPhoneSimulator.ActiveCfg = Debug|iPhoneSimulator
		{BD6BB5D6-3EBD-4167-9BD0-B737BBA51008}.Debug|iPhoneSimulator.Build.0 = Debug|iPhoneSimulator
		{BD6BB5D6-3EBD-4167-9BD0-B737BBA51008}.Debug|iPhoneSimulator.Deploy.0 = Debug|iPhoneSimulator
		{BD6BB5D6-3EBD-4167-9BD0-B737BBA51008}.Release|Any CPU.ActiveCfg = Release|iPhoneSimulator
		{BD6BB5D6-3EBD-4167-9BD0-B737BBA51008}.Release|Any CPU.Build.0 = Release|iPhoneSimulator
		{BD6BB5D6-3EBD-4167-9BD0-B737BBA51008}.Release|Any CPU.Deploy.0 = Release|iPhoneSimulator
		{BD6BB5D6-3EBD-4167-9BD0-B737BBA51008}.Release|iPhone.ActiveCfg = Release|iPhone
		{BD6BB5D6-3EBD-4167-9BD0-B737BBA51008}.Release|iPhone.Build.0 = Release|iPhone
		{BD6BB5D6-3EBD-4167-9BD0-B737BBA51008}.Release|iPhone.Deploy.0 = Release|iPhone
		{BD6BB5D6-3EBD-4167-9BD0-B737BBA51008}.Release|iPhoneSimulator.ActiveCfg = Release|iPhoneSimulator
		{BD6BB5D6-3EBD-4167-9BD0-B737BBA51008}.Release|iPhoneSimulator.Build.0 = Release|iPhoneSimulator
		{BD6BB5D6-3EBD-4167-9BD0-B737BBA51008}.Release|iPhoneSimulator.Deploy.0 = Release|iPhoneSimulator
		{4CF94D0F-A2B7-4978-8604-64846257CF3B}.Debug|Any CPU.ActiveCfg = Debug|Any CPU
		{4CF94D0F-A2B7-4978-8604-64846257CF3B}.Debug|Any CPU.Build.0 = Debug|Any CPU
		{4CF94D0F-A2B7-4978-8604-64846257CF3B}.Debug|Any CPU.Deploy.0 = Debug|Any CPU
		{4CF94D0F-A2B7-4978-8604-64846257CF3B}.Debug|iPhone.ActiveCfg = Debug|Any CPU
		{4CF94D0F-A2B7-4978-8604-64846257CF3B}.Debug|iPhone.Build.0 = Debug|Any CPU
		{4CF94D0F-A2B7-4978-8604-64846257CF3B}.Debug|iPhone.Deploy.0 = Debug|Any CPU
		{4CF94D0F-A2B7-4978-8604-64846257CF3B}.Debug|iPhoneSimulator.ActiveCfg = Debug|Any CPU
		{4CF94D0F-A2B7-4978-8604-64846257CF3B}.Debug|iPhoneSimulator.Build.0 = Debug|Any CPU
		{4CF94D0F-A2B7-4978-8604-64846257CF3B}.Debug|iPhoneSimulator.Deploy.0 = Debug|Any CPU
		{4CF94D0F-A2B7-4978-8604-64846257CF3B}.Release|Any CPU.ActiveCfg = Release|Any CPU
		{4CF94D0F-A2B7-4978-8604-64846257CF3B}.Release|Any CPU.Build.0 = Release|Any CPU
		{4CF94D0F-A2B7-4978-8604-64846257CF3B}.Release|Any CPU.Deploy.0 = Release|Any CPU
		{4CF94D0F-A2B7-4978-8604-64846257CF3B}.Release|iPhone.ActiveCfg = Release|Any CPU
		{4CF94D0F-A2B7-4978-8604-64846257CF3B}.Release|iPhone.Build.0 = Release|Any CPU
		{4CF94D0F-A2B7-4978-8604-64846257CF3B}.Release|iPhone.Deploy.0 = Release|Any CPU
		{4CF94D0F-A2B7-4978-8604-64846257CF3B}.Release|iPhoneSimulator.ActiveCfg = Release|Any CPU
		{4CF94D0F-A2B7-4978-8604-64846257CF3B}.Release|iPhoneSimulator.Build.0 = Release|Any CPU
		{4CF94D0F-A2B7-4978-8604-64846257CF3B}.Release|iPhoneSimulator.Deploy.0 = Release|Any CPU
	EndGlobalSection
	GlobalSection(SolutionProperties) = preSolution
		HideSolutionNode = FALSE
	EndGlobalSection
	GlobalSection(ExtensibilityGlobals) = postSolution
		SolutionGuid = {D4796B98-3CD0-4332-8CB0-A32E6F86F053}
	EndGlobalSection
EndGlobal
